// !$*UTF8*$!
{
	archiveVersion = 1;
	classes = {
	};
	objectVersion = 46;
	objects = {

/* Begin PBXBuildFile section */
		016880471B2BD0A80024F058 /* Foundation.framework in Frameworks */ = {isa = PBXBuildFile; fileRef = 016880461B2BD0A80024F058 /* Foundation.framework */; };
		016880491B2BD0A80024F058 /* CoreGraphics.framework in Frameworks */ = {isa = PBXBuildFile; fileRef = 016880481B2BD0A80024F058 /* CoreGraphics.framework */; };
		0168804B1B2BD0A80024F058 /* UIKit.framework in Frameworks */ = {isa = PBXBuildFile; fileRef = 0168804A1B2BD0A80024F058 /* UIKit.framework */; };
		016880511B2BD0A80024F058 /* InfoPlist.strings in Resources */ = {isa = PBXBuildFile; fileRef = 0168804F1B2BD0A80024F058 /* InfoPlist.strings */; };
		016880531B2BD0A80024F058 /* main.m in Sources */ = {isa = PBXBuildFile; fileRef = 016880521B2BD0A80024F058 /* main.m */; };
		016880571B2BD0A80024F058 /* BNRAppDelegate.m in Sources */ = {isa = PBXBuildFile; fileRef = 016880561B2BD0A80024F058 /* BNRAppDelegate.m */; };
		016880591B2BD0A80024F058 /* Images.xcassets in Resources */ = {isa = PBXBuildFile; fileRef = 016880581B2BD0A80024F058 /* Images.xcassets */; };
		016880601B2BD0A80024F058 /* XCTest.framework in Frameworks */ = {isa = PBXBuildFile; fileRef = 0168805F1B2BD0A80024F058 /* XCTest.framework */; };
		016880611B2BD0A80024F058 /* Foundation.framework in Frameworks */ = {isa = PBXBuildFile; fileRef = 016880461B2BD0A80024F058 /* Foundation.framework */; };
		016880621B2BD0A80024F058 /* UIKit.framework in Frameworks */ = {isa = PBXBuildFile; fileRef = 0168804A1B2BD0A80024F058 /* UIKit.framework */; };
		0168806A1B2BD0A80024F058 /* InfoPlist.strings in Resources */ = {isa = PBXBuildFile; fileRef = 016880681B2BD0A80024F058 /* InfoPlist.strings */; };
		0168806C1B2BD0A80024F058 /* HypnoNerdTests.m in Sources */ = {isa = PBXBuildFile; fileRef = 0168806B1B2BD0A80024F058 /* HypnoNerdTests.m */; };
		016880771B2BD3860024F058 /* BNRHypnosisView.m in Sources */ = {isa = PBXBuildFile; fileRef = 016880761B2BD3860024F058 /* BNRHypnosisView.m */; };
		0168807A1B2BD3DB0024F058 /* BNRHypnosisViewController.m in Sources */ = {isa = PBXBuildFile; fileRef = 016880791B2BD3DB0024F058 /* BNRHypnosisViewController.m */; };
		0168807D1B2BD8440024F058 /* BNRReminderViewController.m in Sources */ = {isa = PBXBuildFile; fileRef = 0168807C1B2BD8440024F058 /* BNRReminderViewController.m */; };
		0168807F1B2BD9420024F058 /* BNRReminderViewController.xib in Resources */ = {isa = PBXBuildFile; fileRef = 0168807E1B2BD9420024F058 /* BNRReminderViewController.xib */; };
/* End PBXBuildFile section */

/* Begin PBXContainerItemProxy section */
		016880631B2BD0A80024F058 /* PBXContainerItemProxy */ = {
			isa = PBXContainerItemProxy;
			containerPortal = 0168803B1B2BD0A80024F058 /* Project object */;
			proxyType = 1;
			remoteGlobalIDString = 016880421B2BD0A80024F058;
			remoteInfo = HypnoNerd;
		};
/* End PBXContainerItemProxy section */

/* Begin PBXFileReference section */
		016880431B2BD0A80024F058 /* HypnoNerd.app */ = {isa = PBXFileReference; explicitFileType = wrapper.application; includeInIndex = 0; path = HypnoNerd.app; sourceTree = BUILT_PRODUCTS_DIR; };
		016880461B2BD0A80024F058 /* Foundation.framework */ = {isa = PBXFileReference; lastKnownFileType = wrapper.framework; name = Foundation.framework; path = System/Library/Frameworks/Foundation.framework; sourceTree = SDKROOT; };
		016880481B2BD0A80024F058 /* CoreGraphics.framework */ = {isa = PBXFileReference; lastKnownFileType = wrapper.framework; name = CoreGraphics.framework; path = System/Library/Frameworks/CoreGraphics.framework; sourceTree = SDKROOT; };
		0168804A1B2BD0A80024F058 /* UIKit.framework */ = {isa = PBXFileReference; lastKnownFileType = wrapper.framework; name = UIKit.framework; path = System/Library/Frameworks/UIKit.framework; sourceTree = SDKROOT; };
		0168804E1B2BD0A80024F058 /* HypnoNerd-Info.plist */ = {isa = PBXFileReference; lastKnownFileType = text.plist.xml; path = "HypnoNerd-Info.plist"; sourceTree = "<group>"; };
		016880501B2BD0A80024F058 /* en */ = {isa = PBXFileReference; lastKnownFileType = text.plist.strings; name = en; path = en.lproj/InfoPlist.strings; sourceTree = "<group>"; };
		016880521B2BD0A80024F058 /* main.m */ = {isa = PBXFileReference; lastKnownFileType = sourcecode.c.objc; path = main.m; sourceTree = "<group>"; };
		016880541B2BD0A80024F058 /* HypnoNerd-Prefix.pch */ = {isa = PBXFileReference; lastKnownFileType = sourcecode.c.h; path = "HypnoNerd-Prefix.pch"; sourceTree = "<group>"; };
		016880551B2BD0A80024F058 /* BNRAppDelegate.h */ = {isa = PBXFileReference; lastKnownFileType = sourcecode.c.h; path = BNRAppDelegate.h; sourceTree = "<group>"; };
		016880561B2BD0A80024F058 /* BNRAppDelegate.m */ = {isa = PBXFileReference; lastKnownFileType = sourcecode.c.objc; path = BNRAppDelegate.m; sourceTree = "<group>"; };
		016880581B2BD0A80024F058 /* Images.xcassets */ = {isa = PBXFileReference; lastKnownFileType = folder.assetcatalog; path = Images.xcassets; sourceTree = "<group>"; };
		0168805E1B2BD0A80024F058 /* HypnoNerdTests.xctest */ = {isa = PBXFileReference; explicitFileType = wrapper.cfbundle; includeInIndex = 0; path = HypnoNerdTests.xctest; sourceTree = BUILT_PRODUCTS_DIR; };
		0168805F1B2BD0A80024F058 /* XCTest.framework */ = {isa = PBXFileReference; lastKnownFileType = wrapper.framework; name = XCTest.framework; path = Library/Frameworks/XCTest.framework; sourceTree = DEVELOPER_DIR; };
		016880671B2BD0A80024F058 /* HypnoNerdTests-Info.plist */ = {isa = PBXFileReference; lastKnownFileType = text.plist.xml; path = "HypnoNerdTests-Info.plist"; sourceTree = "<group>"; };
		016880691B2BD0A80024F058 /* en */ = {isa = PBXFileReference; lastKnownFileType = text.plist.strings; name = en; path = en.lproj/InfoPlist.strings; sourceTree = "<group>"; };
		0168806B1B2BD0A80024F058 /* HypnoNerdTests.m */ = {isa = PBXFileReference; lastKnownFileType = sourcecode.c.objc; path = HypnoNerdTests.m; sourceTree = "<group>"; };
		016880751B2BD3860024F058 /* BNRHypnosisView.h */ = {isa = PBXFileReference; fileEncoding = 4; lastKnownFileType = sourcecode.c.h; path = BNRHypnosisView.h; sourceTree = "<group>"; };
		016880761B2BD3860024F058 /* BNRHypnosisView.m */ = {isa = PBXFileReference; fileEncoding = 4; lastKnownFileType = sourcecode.c.objc; path = BNRHypnosisView.m; sourceTree = "<group>"; };
		016880781B2BD3DB0024F058 /* BNRHypnosisViewController.h */ = {isa = PBXFileReference; fileEncoding = 4; lastKnownFileType = sourcecode.c.h; path = BNRHypnosisViewController.h; sourceTree = "<group>"; };
		016880791B2BD3DB0024F058 /* BNRHypnosisViewController.m */ = {isa = PBXFileReference; fileEncoding = 4; lastKnownFileType = sourcecode.c.objc; path = BNRHypnosisViewController.m; sourceTree = "<group>"; };
		0168807B1B2BD8440024F058 /* BNRReminderViewController.h */ = {isa = PBXFileReference; fileEncoding = 4; lastKnownFileType = sourcecode.c.h; path = BNRReminderViewController.h; sourceTree = "<group>"; };
		0168807C1B2BD8440024F058 /* BNRReminderViewController.m */ = {isa = PBXFileReference; fileEncoding = 4; lastKnownFileType = sourcecode.c.objc; path = BNRReminderViewController.m; sourceTree = "<group>"; };
		0168807E1B2BD9420024F058 /* BNRReminderViewController.xib */ = {isa = PBXFileReference; fileEncoding = 4; lastKnownFileType = file.xib; path = BNRReminderViewController.xib; sourceTree = "<group>"; };
/* End PBXFileReference section */

/* Begin PBXFrameworksBuildPhase section */
		016880401B2BD0A80024F058 /* Frameworks */ = {
			isa = PBXFrameworksBuildPhase;
			buildActionMask = 2147483647;
			files = (
				016880491B2BD0A80024F058 /* CoreGraphics.framework in Frameworks */,
				0168804B1B2BD0A80024F058 /* UIKit.framework in Frameworks */,
				016880471B2BD0A80024F058 /* Foundation.framework in Frameworks */,
			);
			runOnlyForDeploymentPostprocessing = 0;
		};
		0168805B1B2BD0A80024F058 /* Frameworks */ = {
			isa = PBXFrameworksBuildPhase;
			buildActionMask = 2147483647;
			files = (
				016880601B2BD0A80024F058 /* XCTest.framework in Frameworks */,
				016880621B2BD0A80024F058 /* UIKit.framework in Frameworks */,
				016880611B2BD0A80024F058 /* Foundation.framework in Frameworks */,
			);
			runOnlyForDeploymentPostprocessing = 0;
		};
/* End PBXFrameworksBuildPhase section */

/* Begin PBXGroup section */
		0168803A1B2BD0A80024F058 = {
			isa = PBXGroup;
			children = (
				0168804C1B2BD0A80024F058 /* HypnoNerd */,
				016880651B2BD0A80024F058 /* HypnoNerdTests */,
				016880451B2BD0A80024F058 /* Frameworks */,
				016880441B2BD0A80024F058 /* Products */,
			);
			sourceTree = "<group>";
		};
		016880441B2BD0A80024F058 /* Products */ = {
			isa = PBXGroup;
			children = (
				016880431B2BD0A80024F058 /* HypnoNerd.app */,
				0168805E1B2BD0A80024F058 /* HypnoNerdTests.xctest */,
			);
			name = Products;
			sourceTree = "<group>";
		};
		016880451B2BD0A80024F058 /* Frameworks */ = {
			isa = PBXGroup;
			children = (
				016880461B2BD0A80024F058 /* Foundation.framework */,
				016880481B2BD0A80024F058 /* CoreGraphics.framework */,
				0168804A1B2BD0A80024F058 /* UIKit.framework */,
				0168805F1B2BD0A80024F058 /* XCTest.framework */,
			);
			name = Frameworks;
			sourceTree = "<group>";
		};
		0168804C1B2BD0A80024F058 /* HypnoNerd */ = {
			isa = PBXGroup;
			children = (
				016880751B2BD3860024F058 /* BNRHypnosisView.h */,
				016880761B2BD3860024F058 /* BNRHypnosisView.m */,
				016880551B2BD0A80024F058 /* BNRAppDelegate.h */,
				016880561B2BD0A80024F058 /* BNRAppDelegate.m */,
				0168807B1B2BD8440024F058 /* BNRReminderViewController.h */,
				0168807C1B2BD8440024F058 /* BNRReminderViewController.m */,
				0168807E1B2BD9420024F058 /* BNRReminderViewController.xib */,
				016880581B2BD0A80024F058 /* Images.xcassets */,
				0168804D1B2BD0A80024F058 /* Supporting Files */,
				016880781B2BD3DB0024F058 /* BNRHypnosisViewController.h */,
				016880791B2BD3DB0024F058 /* BNRHypnosisViewController.m */,
			);
			path = HypnoNerd;
			sourceTree = "<group>";
		};
		0168804D1B2BD0A80024F058 /* Supporting Files */ = {
			isa = PBXGroup;
			children = (
				0168804E1B2BD0A80024F058 /* HypnoNerd-Info.plist */,
				0168804F1B2BD0A80024F058 /* InfoPlist.strings */,
				016880521B2BD0A80024F058 /* main.m */,
				016880541B2BD0A80024F058 /* HypnoNerd-Prefix.pch */,
			);
			name = "Supporting Files";
			sourceTree = "<group>";
		};
		016880651B2BD0A80024F058 /* HypnoNerdTests */ = {
			isa = PBXGroup;
			children = (
				0168806B1B2BD0A80024F058 /* HypnoNerdTests.m */,
				016880661B2BD0A80024F058 /* Supporting Files */,
			);
			path = HypnoNerdTests;
			sourceTree = "<group>";
		};
		016880661B2BD0A80024F058 /* Supporting Files */ = {
			isa = PBXGroup;
			children = (
				016880671B2BD0A80024F058 /* HypnoNerdTests-Info.plist */,
				016880681B2BD0A80024F058 /* InfoPlist.strings */,
			);
			name = "Supporting Files";
			sourceTree = "<group>";
		};
/* End PBXGroup section */

/* Begin PBXNativeTarget section */
		016880421B2BD0A80024F058 /* HypnoNerd */ = {
			isa = PBXNativeTarget;
			buildConfigurationList = 0168806F1B2BD0A80024F058 /* Build configuration list for PBXNativeTarget "HypnoNerd" */;
			buildPhases = (
				0168803F1B2BD0A80024F058 /* Sources */,
				016880401B2BD0A80024F058 /* Frameworks */,
				016880411B2BD0A80024F058 /* Resources */,
			);
			buildRules = (
			);
			dependencies = (
			);
			name = HypnoNerd;
			productName = HypnoNerd;
			productReference = 016880431B2BD0A80024F058 /* HypnoNerd.app */;
			productType = "com.apple.product-type.application";
		};
		0168805D1B2BD0A80024F058 /* HypnoNerdTests */ = {
			isa = PBXNativeTarget;
			buildConfigurationList = 016880721B2BD0A80024F058 /* Build configuration list for PBXNativeTarget "HypnoNerdTests" */;
			buildPhases = (
				0168805A1B2BD0A80024F058 /* Sources */,
				0168805B1B2BD0A80024F058 /* Frameworks */,
				0168805C1B2BD0A80024F058 /* Resources */,
			);
			buildRules = (
			);
			dependencies = (
				016880641B2BD0A80024F058 /* PBXTargetDependency */,
			);
			name = HypnoNerdTests;
			productName = HypnoNerdTests;
			productReference = 0168805E1B2BD0A80024F058 /* HypnoNerdTests.xctest */;
			productType = "com.apple.product-type.bundle.unit-test";
		};
/* End PBXNativeTarget section */

/* Begin PBXProject section */
		0168803B1B2BD0A80024F058 /* Project object */ = {
			isa = PBXProject;
			attributes = {
				CLASSPREFIX = BNR;
				LastUpgradeCheck = 0510;
				ORGANIZATIONNAME = "Big Nerd Ranch";
				TargetAttributes = {
					0168805D1B2BD0A80024F058 = {
						TestTargetID = 016880421B2BD0A80024F058;
					};
				};
			};
			buildConfigurationList = 0168803E1B2BD0A80024F058 /* Build configuration list for PBXProject "HypnoNerd" */;
			compatibilityVersion = "Xcode 3.2";
			developmentRegion = English;
			hasScannedForEncodings = 0;
			knownRegions = (
				en,
			);
			mainGroup = 0168803A1B2BD0A80024F058;
			productRefGroup = 016880441B2BD0A80024F058 /* Products */;
			projectDirPath = "";
			projectRoot = "";
			targets = (
				016880421B2BD0A80024F058 /* HypnoNerd */,
				0168805D1B2BD0A80024F058 /* HypnoNerdTests */,
			);
		};
/* End PBXProject section */

/* Begin PBXResourcesBuildPhase section */
		016880411B2BD0A80024F058 /* Resources */ = {
			isa = PBXResourcesBuildPhase;
			buildActionMask = 2147483647;
			files = (
				0168807F1B2BD9420024F058 /* BNRReminderViewController.xib in Resources */,
				016880511B2BD0A80024F058 /* InfoPlist.strings in Resources */,
				016880591B2BD0A80024F058 /* Images.xcassets in Resources */,
			);
			runOnlyForDeploymentPostprocessing = 0;
		};
		0168805C1B2BD0A80024F058 /* Resources */ = {
			isa = PBXResourcesBuildPhase;
			buildActionMask = 2147483647;
			files = (
				0168806A1B2BD0A80024F058 /* InfoPlist.strings in Resources */,
			);
			runOnlyForDeploymentPostprocessing = 0;
		};
/* End PBXResourcesBuildPhase section */

/* Begin PBXSourcesBuildPhase section */
		0168803F1B2BD0A80024F058 /* Sources */ = {
			isa = PBXSourcesBuildPhase;
			buildActionMask = 2147483647;
			files = (
				0168807A1B2BD3DB0024F058 /* BNRHypnosisViewController.m in Sources */,
				016880531B2BD0A80024F058 /* main.m in Sources */,
				016880571B2BD0A80024F058 /* BNRAppDelegate.m in Sources */,
				0168807D1B2BD8440024F058 /* BNRReminderViewController.m in Sources */,
				016880771B2BD3860024F058 /* BNRHypnosisView.m in Sources */,
			);
			runOnlyForDeploymentPostprocessing = 0;
		};
		0168805A1B2BD0A80024F058 /* Sources */ = {
			isa = PBXSourcesBuildPhase;
			buildActionMask = 2147483647;
			files = (
				0168806C1B2BD0A80024F058 /* HypnoNerdTests.m in Sources */,
			);
			runOnlyForDeploymentPostprocessing = 0;
		};
/* End PBXSourcesBuildPhase section */

/* Begin PBXTargetDependency section */
		016880641B2BD0A80024F058 /* PBXTargetDependency */ = {
			isa = PBXTargetDependency;
			target = 016880421B2BD0A80024F058 /* HypnoNerd */;
			targetProxy = 016880631B2BD0A80024F058 /* PBXContainerItemProxy */;
		};
/* End PBXTargetDependency section */

/* Begin PBXVariantGroup section */
		0168804F1B2BD0A80024F058 /* InfoPlist.strings */ = {
			isa = PBXVariantGroup;
			children = (
				016880501B2BD0A80024F058 /* en */,
			);
			name = InfoPlist.strings;
			sourceTree = "<group>";
		};
		016880681B2BD0A80024F058 /* InfoPlist.strings */ = {
			isa = PBXVariantGroup;
			children = (
				016880691B2BD0A80024F058 /* en */,
			);
			name = InfoPlist.strings;
			sourceTree = "<group>";
		};
/* End PBXVariantGroup section */

/* Begin XCBuildConfiguration section */
		0168806D1B2BD0A80024F058 /* Debug */ = {
			isa = XCBuildConfiguration;
			buildSettings = {
				ALWAYS_SEARCH_USER_PATHS = NO;
				CLANG_CXX_LANGUAGE_STANDARD = "gnu++0x";
				CLANG_CXX_LIBRARY = "libc++";
				CLANG_ENABLE_MODULES = YES;
				CLANG_ENABLE_OBJC_ARC = YES;
				CLANG_WARN_BOOL_CONVERSION = YES;
				CLANG_WARN_CONSTANT_CONVERSION = YES;
				CLANG_WARN_DIRECT_OBJC_ISA_USAGE = YES_ERROR;
				CLANG_WARN_EMPTY_BODY = YES;
				CLANG_WARN_ENUM_CONVERSION = YES;
				CLANG_WARN_INT_CONVERSION = YES;
				CLANG_WARN_OBJC_ROOT_CLASS = YES_ERROR;
				CLANG_WARN__DUPLICATE_METHOD_MATCH = YES;
				"CODE_SIGN_IDENTITY[sdk=iphoneos*]" = "iPhone Developer";
				COPY_PHASE_STRIP = NO;
				GCC_C_LANGUAGE_STANDARD = gnu99;
				GCC_DYNAMIC_NO_PIC = NO;
				GCC_OPTIMIZATION_LEVEL = 0;
				GCC_PREPROCESSOR_DEFINITIONS = (
					"DEBUG=1",
					"$(inherited)",
				);
				GCC_SYMBOLS_PRIVATE_EXTERN = NO;
				GCC_WARN_64_TO_32_BIT_CONVERSION = YES;
				GCC_WARN_ABOUT_RETURN_TYPE = YES_ERROR;
				GCC_WARN_UNDECLARED_SELECTOR = YES;
				GCC_WARN_UNINITIALIZED_AUTOS = YES_AGGRESSIVE;
				GCC_WARN_UNUSED_FUNCTION = YES;
				GCC_WARN_UNUSED_VARIABLE = YES;
				IPHONEOS_DEPLOYMENT_TARGET = 7.1;
				ONLY_ACTIVE_ARCH = YES;
				SDKROOT = iphoneos;
			};
			name = Debug;
		};
		0168806E1B2BD0A80024F058 /* Release */ = {
			isa = XCBuildConfiguration;
			buildSettings = {
				ALWAYS_SEARCH_USER_PATHS = NO;
				CLANG_CXX_LANGUAGE_STANDARD = "gnu++0x";
				CLANG_CXX_LIBRARY = "libc++";
				CLANG_ENABLE_MODULES = YES;
				CLANG_ENABLE_OBJC_ARC = YES;
				CLANG_WARN_BOOL_CONVERSION = YES;
				CLANG_WARN_CONSTANT_CONVERSION = YES;
				CLANG_WARN_DIRECT_OBJC_ISA_USAGE = YES_ERROR;
				CLANG_WARN_EMPTY_BODY = YES;
				CLANG_WARN_ENUM_CONVERSION = YES;
				CLANG_WARN_INT_CONVERSION = YES;
				CLANG_WARN_OBJC_ROOT_CLASS = YES_ERROR;
				CLANG_WARN__DUPLICATE_METHOD_MATCH = YES;
				"CODE_SIGN_IDENTITY[sdk=iphoneos*]" = "iPhone Developer";
				COPY_PHASE_STRIP = YES;
				ENABLE_NS_ASSERTIONS = NO;
				GCC_C_LANGUAGE_STANDARD = gnu99;
				GCC_WARN_64_TO_32_BIT_CONVERSION = YES;
				GCC_WARN_ABOUT_RETURN_TYPE = YES_ERROR;
				GCC_WARN_UNDECLARED_SELECTOR = YES;
				GCC_WARN_UNINITIALIZED_AUTOS = YES_AGGRESSIVE;
				GCC_WARN_UNUSED_FUNCTION = YES;
				GCC_WARN_UNUSED_VARIABLE = YES;
				IPHONEOS_DEPLOYMENT_TARGET = 7.1;
				SDKROOT = iphoneos;
				VALIDATE_PRODUCT = YES;
			};
			name = Release;
		};
		016880701B2BD0A80024F058 /* Debug */ = {
			isa = XCBuildConfiguration;
			buildSettings = {
				ASSETCATALOG_COMPILER_APPICON_NAME = AppIcon;
				ASSETCATALOG_COMPILER_LAUNCHIMAGE_NAME = LaunchImage;
				GCC_PRECOMPILE_PREFIX_HEADER = YES;
				GCC_PREFIX_HEADER = "HypnoNerd/HypnoNerd-Prefix.pch";
				INFOPLIST_FILE = "HypnoNerd/HypnoNerd-Info.plist";
				PRODUCT_NAME = "$(TARGET_NAME)";
				WRAPPER_EXTENSION = app;
			};
			name = Debug;
		};
		016880711B2BD0A80024F058 /* Release */ = {
			isa = XCBuildConfiguration;
			buildSettings = {
				ASSETCATALOG_COMPILER_APPICON_NAME = AppIcon;
				ASSETCATALOG_COMPILER_LAUNCHIMAGE_NAME = LaunchImage;
				GCC_PRECOMPILE_PREFIX_HEADER = YES;
				GCC_PREFIX_HEADER = "HypnoNerd/HypnoNerd-Prefix.pch";
				INFOPLIST_FILE = "HypnoNerd/HypnoNerd-Info.plist";
				PRODUCT_NAME = "$(TARGET_NAME)";
				WRAPPER_EXTENSION = app;
			};
			name = Release;
		};
		016880731B2BD0A80024F058 /* Debug */ = {
			isa = XCBuildConfiguration;
			buildSettings = {
				BUNDLE_LOADER = "$(BUILT_PRODUCTS_DIR)/HypnoNerd.app/HypnoNerd";
				FRAMEWORK_SEARCH_PATHS = (
					"$(SDKROOT)/Developer/Library/Frameworks",
					"$(inherited)",
					"$(DEVELOPER_FRAMEWORKS_DIR)",
				);
				GCC_PRECOMPILE_PREFIX_HEADER = YES;
				GCC_PREFIX_HEADER = "HypnoNerd/HypnoNerd-Prefix.pch";
				GCC_PREPROCESSOR_DEFINITIONS = (
					"DEBUG=1",
					"$(inherited)",
				);
				INFOPLIST_FILE = "HypnoNerdTests/HypnoNerdTests-Info.plist";
				PRODUCT_NAME = "$(TARGET_NAME)";
				TEST_HOST = "$(BUNDLE_LOADER)";
				WRAPPER_EXTENSION = xctest;
			};
			name = Debug;
		};
		016880741B2BD0A80024F058 /* Release */ = {
			isa = XCBuildConfiguration;
			buildSettings = {
				BUNDLE_LOADER = "$(BUILT_PRODUCTS_DIR)/HypnoNerd.app/HypnoNerd";
				FRAMEWORK_SEARCH_PATHS = (
					"$(SDKROOT)/Developer/Library/Frameworks",
					"$(inherited)",
					"$(DEVELOPER_FRAMEWORKS_DIR)",
				);
				GCC_PRECOMPILE_PREFIX_HEADER = YES;
				GCC_PREFIX_HEADER = "HypnoNerd/HypnoNerd-Prefix.pch";
				INFOPLIST_FILE = "HypnoNerdTests/HypnoNerdTests-Info.plist";
				PRODUCT_NAME = "$(TARGET_NAME)";
				TEST_HOST = "$(BUNDLE_LOADER)";
				WRAPPER_EXTENSION = xctest;
			};
			name = Release;
		};
/* End XCBuildConfiguration section */

/* Begin XCConfigurationList section */
		0168803E1B2BD0A80024F058 /* Build configuration list for PBXProject "HypnoNerd" */ = {
			isa = XCConfigurationList;
			buildConfigurations = (
				0168806D1B2BD0A80024F058 /* Debug */,
				0168806E1B2BD0A80024F058 /* Release */,
			);
			defaultConfigurationIsVisible = 0;
			defaultConfigurationName = Release;
		};
		0168806F1B2BD0A80024F058 /* Build configuration list for PBXNativeTarget "HypnoNerd" */ = {
			isa = XCConfigurationList;
			buildConfigurations = (
				016880701B2BD0A80024F058 /* Debug */,
				016880711B2BD0A80024F058 /* Release */,
			);
			defaultConfigurationIsVisible = 0;
		};
		016880721B2BD0A80024F058 /* Build configuration list for PBXNativeTarget "HypnoNerdTests" */ = {
			isa = XCConfigurationList;
			buildConfigurations = (
				016880731B2BD0A80024F058 /* Debug */,
				016880741B2BD0A80024F058 /* Release */,
			);
			defaultConfigurationIsVisible = 0;
		};
/* End XCConfigurationList section */
	};
	rootObject = 0168803B1B2BD0A80024F058 /* Project object */;
}
